# AUTOGENERATED LOCKFILE. DO NOT EDIT MANUALLY.
cycler==0.10.0
gitdb==4.0.4
GitPython==3.1.1
kiwisolver==1.2.0
matplotlib==3.2.1
music21==5.7.2
numpy==1.18.3
passlib==1.7.2
pygame==2.0.0.dev6
pyparsing==2.4.7
PyQt5==5.14.2
PyQt5-sip==12.7.2
python-dateutil==2.8.1
pyzmq==19.0.0
scipy==1.4.1
six==1.14.0
smmap==3.0.2
smmap2==3.0.1
